
Microsoft Visual Studio Solution File, Format Version 12.00
# Visual Studio 2012
Project("{FAE04EC0-301F-11D3-BF4B-00C04F79EFBC}") = "UBSyndra", "UBSyndra.csproj", "{A1892382-0BEE-4521-A4D6-FFD1E48F5562}"
EndProject
Global
	GlobalSection(SolutionConfigurationPlatforms) = preSolution
		Debug|Any CPU = Debug|Any CPU
		Release|Any CPU = Release|Any CPU
	EndGlobalSection
	GlobalSection(ProjectConfigurationPlatforms) = postSolution
		{A1892382-0BEE-4521-A4D6-FFD1E48F5562}.Debug|Any CPU.ActiveCfg = Debug|Any CPU
		{A1892382-0BEE-4521-A4D6-FFD1E48F5562}.Debug|Any CPU.Build.0 = Debug|Any CPU
		{A1892382-0BEE-4521-A4D6-FFD1E48F5562}.Release|Any CPU.ActiveCfg = Release|Any CPU
		{A1892382-0BEE-4521-A4D6-FFD1E48F5562}.Release|Any CPU.Build.0 = Release|Any CPU
	EndGlobalSection
	GlobalSection(SolutionProperties) = preSolution
		HideSolutionNode = FALSE
	EndGlobalSection
EndGlobal
