
Microsoft Visual Studio Solution File, Format Version 12.00
# Visual Studio 2012
Project("{FAE04EC0-301F-11D3-BF4B-00C04F79EFBC}") = "UBZilean", "UBZilean.csproj", "{1C019270-C19C-4AF7-BB95-D24491D102CB}"
EndProject
Global
	GlobalSection(SolutionConfigurationPlatforms) = preSolution
		Debug|Any CPU = Debug|Any CPU
		Release|Any CPU = Release|Any CPU
	EndGlobalSection
	GlobalSection(ProjectConfigurationPlatforms) = postSolution
		{1C019270-C19C-4AF7-BB95-D24491D102CB}.Debug|Any CPU.ActiveCfg = Debug|Any CPU
		{1C019270-C19C-4AF7-BB95-D24491D102CB}.Debug|Any CPU.Build.0 = Debug|Any CPU
		{1C019270-C19C-4AF7-BB95-D24491D102CB}.Release|Any CPU.ActiveCfg = Release|Any CPU
		{1C019270-C19C-4AF7-BB95-D24491D102CB}.Release|Any CPU.Build.0 = Release|Any CPU
	EndGlobalSection
	GlobalSection(SolutionProperties) = preSolution
		HideSolutionNode = FALSE
	EndGlobalSection
EndGlobal
