
Microsoft Visual Studio Solution File, Format Version 12.00
# Visual Studio 2012
Project("{FAE04EC0-301F-11D3-BF4B-00C04F79EFBC}") = "UBStreaming", "UBStreaming.csproj", "{413EE78A-06D8-4E51-8DB6-AF5718073ACF}"
EndProject
Global
	GlobalSection(SolutionConfigurationPlatforms) = preSolution
		Debug|Any CPU = Debug|Any CPU
		Release|Any CPU = Release|Any CPU
	EndGlobalSection
	GlobalSection(ProjectConfigurationPlatforms) = postSolution
		{413EE78A-06D8-4E51-8DB6-AF5718073ACF}.Debug|Any CPU.ActiveCfg = Debug|Any CPU
		{413EE78A-06D8-4E51-8DB6-AF5718073ACF}.Debug|Any CPU.Build.0 = Debug|Any CPU
		{413EE78A-06D8-4E51-8DB6-AF5718073ACF}.Release|Any CPU.ActiveCfg = Release|Any CPU
		{413EE78A-06D8-4E51-8DB6-AF5718073ACF}.Release|Any CPU.Build.0 = Release|Any CPU
	EndGlobalSection
	GlobalSection(SolutionProperties) = preSolution
		HideSolutionNode = FALSE
	EndGlobalSection
EndGlobal
