
Microsoft Visual Studio Solution File, Format Version 12.00
# Visual Studio 2012
Project("{FAE04EC0-301F-11D3-BF4B-00C04F79EFBC}") = "UBAnivia", "UBAnivia.csproj", "{5B6D2000-706C-490A-9F61-C661C6CE8FDB}"
EndProject
Global
	GlobalSection(SolutionConfigurationPlatforms) = preSolution
		Debug|Any CPU = Debug|Any CPU
		Release|Any CPU = Release|Any CPU
	EndGlobalSection
	GlobalSection(ProjectConfigurationPlatforms) = postSolution
		{5B6D2000-706C-490A-9F61-C661C6CE8FDB}.Debug|Any CPU.ActiveCfg = Debug|Any CPU
		{5B6D2000-706C-490A-9F61-C661C6CE8FDB}.Debug|Any CPU.Build.0 = Debug|Any CPU
		{5B6D2000-706C-490A-9F61-C661C6CE8FDB}.Release|Any CPU.ActiveCfg = Release|Any CPU
		{5B6D2000-706C-490A-9F61-C661C6CE8FDB}.Release|Any CPU.Build.0 = Release|Any CPU
	EndGlobalSection
	GlobalSection(SolutionProperties) = preSolution
		HideSolutionNode = FALSE
	EndGlobalSection
EndGlobal
